// !$*UTF8*$!
{
	archiveVersion = 1;
	classes = {
	};
	objectVersion = 56;
	objects = {

/* Begin PBXBuildFile section */
		8D89A04A2AA435D900F9674F /* ARViewController.swift in Sources */ = {isa = PBXBuildFile; fileRef = 8D89A0482AA435D900F9674F /* ARViewController.swift */; };
		8D89A04B2AA435D900F9674F /* ARViewController.xib in Resources */ = {isa = PBXBuildFile; fileRef = 8D89A0492AA435D900F9674F /* ARViewController.xib */; };
		8D91A8142AA2A695005EED2A /* AppDelegate.swift in Sources */ = {isa = PBXBuildFile; fileRef = 8D91A8132AA2A695005EED2A /* AppDelegate.swift */; };
		8D91A8162AA2A695005EED2A /* SceneDelegate.swift in Sources */ = {isa = PBXBuildFile; fileRef = 8D91A8152AA2A695005EED2A /* SceneDelegate.swift */; };
		8D91A81D2AA2A697005EED2A /* Assets.xcassets in Resources */ = {isa = PBXBuildFile; fileRef = 8D91A81C2AA2A697005EED2A /* Assets.xcassets */; };
		8D91A8202AA2A697005EED2A /* LaunchScreen.storyboard in Resources */ = {isa = PBXBuildFile; fileRef = 8D91A81E2AA2A697005EED2A /* LaunchScreen.storyboard */; };
		8D91A82A2AA2A937005EED2A /* SootheViewController.swift in Sources */ = {isa = PBXBuildFile; fileRef = 8D91A8292AA2A937005EED2A /* SootheViewController.swift */; };
		8D91A82C2AA2A93F005EED2A /* TabBarViewController.swift in Sources */ = {isa = PBXBuildFile; fileRef = 8D91A82B2AA2A93F005EED2A /* TabBarViewController.swift */; };
		8D91A82E2AA2A9FC005EED2A /* TriggersViewController.swift in Sources */ = {isa = PBXBuildFile; fileRef = 8D91A82D2AA2A9FC005EED2A /* TriggersViewController.swift */; };
		8D91A8302AA2AA1B005EED2A /* ProfileViewController.swift in Sources */ = {isa = PBXBuildFile; fileRef = 8D91A82F2AA2AA1B005EED2A /* ProfileViewController.swift */; };
		8D91A8332AA2AD2A005EED2A /* TriggerModel.swift in Sources */ = {isa = PBXBuildFile; fileRef = 8D91A8322AA2AD2A005EED2A /* TriggerModel.swift */; };
		8D91A8352AA2ADE3005EED2A /* TriggerCollectionViewCell.swift in Sources */ = {isa = PBXBuildFile; fileRef = 8D91A8342AA2ADE3005EED2A /* TriggerCollectionViewCell.swift */; };
		8D91A8372AA2C904005EED2A /* Extensions.swift in Sources */ = {isa = PBXBuildFile; fileRef = 8D91A8362AA2C904005EED2A /* Extensions.swift */; };
		8D91A83C2AA431C6005EED2A /* SceneOption.swift in Sources */ = {isa = PBXBuildFile; fileRef = 8D91A83B2AA431C6005EED2A /* SceneOption.swift */; };
/* End PBXBuildFile section */

/* Begin PBXFileReference section */
		8D89A0482AA435D900F9674F /* ARViewController.swift */ = {isa = PBXFileReference; lastKnownFileType = sourcecode.swift; path = ARViewController.swift; sourceTree = "<group>"; };
		8D89A0492AA435D900F9674F /* ARViewController.xib */ = {isa = PBXFileReference; lastKnownFileType = file.xib; path = ARViewController.xib; sourceTree = "<group>"; };
		8D91A8102AA2A695005EED2A /* Undisturbed.app */ = {isa = PBXFileReference; explicitFileType = wrapper.application; includeInIndex = 0; path = Undisturbed.app; sourceTree = BUILT_PRODUCTS_DIR; };
		8D91A8132AA2A695005EED2A /* AppDelegate.swift */ = {isa = PBXFileReference; lastKnownFileType = sourcecode.swift; path = AppDelegate.swift; sourceTree = "<group>"; };
		8D91A8152AA2A695005EED2A /* SceneDelegate.swift */ = {isa = PBXFileReference; lastKnownFileType = sourcecode.swift; path = SceneDelegate.swift; sourceTree = "<group>"; };
		8D91A81C2AA2A697005EED2A /* Assets.xcassets */ = {isa = PBXFileReference; lastKnownFileType = folder.assetcatalog; path = Assets.xcassets; sourceTree = "<group>"; };
		8D91A81F2AA2A697005EED2A /* Base */ = {isa = PBXFileReference; lastKnownFileType = file.storyboard; name = Base; path = Base.lproj/LaunchScreen.storyboard; sourceTree = "<group>"; };
		8D91A8212AA2A697005EED2A /* Info.plist */ = {isa = PBXFileReference; lastKnownFileType = text.plist.xml; path = Info.plist; sourceTree = "<group>"; };
		8D91A8292AA2A937005EED2A /* SootheViewController.swift */ = {isa = PBXFileReference; lastKnownFileType = sourcecode.swift; path = SootheViewController.swift; sourceTree = "<group>"; };
		8D91A82B2AA2A93F005EED2A /* TabBarViewController.swift */ = {isa = PBXFileReference; lastKnownFileType = sourcecode.swift; path = TabBarViewController.swift; sourceTree = "<group>"; };
		8D91A82D2AA2A9FC005EED2A /* TriggersViewController.swift */ = {isa = PBXFileReference; lastKnownFileType = sourcecode.swift; path = TriggersViewController.swift; sourceTree = "<group>"; };
		8D91A82F2AA2AA1B005EED2A /* ProfileViewController.swift */ = {isa = PBXFileReference; lastKnownFileType = sourcecode.swift; path = ProfileViewController.swift; sourceTree = "<group>"; };
		8D91A8322AA2AD2A005EED2A /* TriggerModel.swift */ = {isa = PBXFileReference; lastKnownFileType = sourcecode.swift; path = TriggerModel.swift; sourceTree = "<group>"; };
		8D91A8342AA2ADE3005EED2A /* TriggerCollectionViewCell.swift */ = {isa = PBXFileReference; lastKnownFileType = sourcecode.swift; path = TriggerCollectionViewCell.swift; sourceTree = "<group>"; };
		8D91A8362AA2C904005EED2A /* Extensions.swift */ = {isa = PBXFileReference; lastKnownFileType = sourcecode.swift; path = Extensions.swift; sourceTree = "<group>"; };
		8D91A83B2AA431C6005EED2A /* SceneOption.swift */ = {isa = PBXFileReference; lastKnownFileType = sourcecode.swift; path = SceneOption.swift; sourceTree = "<group>"; };
/* End PBXFileReference section */

/* Begin PBXFrameworksBuildPhase section */
		8D91A80D2AA2A695005EED2A /* Frameworks */ = {
			isa = PBXFrameworksBuildPhase;
			buildActionMask = 2147483647;
			files = (
			);
			runOnlyForDeploymentPostprocessing = 0;
		};
/* End PBXFrameworksBuildPhase section */

/* Begin PBXGroup section */
		8D91A8072AA2A695005EED2A = {
			isa = PBXGroup;
			children = (
				8D91A8122AA2A695005EED2A /* Undisturbed */,
				8D91A8112AA2A695005EED2A /* Products */,
			);
			sourceTree = "<group>";
		};
		8D91A8112AA2A695005EED2A /* Products */ = {
			isa = PBXGroup;
			children = (
				8D91A8102AA2A695005EED2A /* Undisturbed.app */,
			);
			name = Products;
			sourceTree = "<group>";
		};
		8D91A8122AA2A695005EED2A /* Undisturbed */ = {
			isa = PBXGroup;
			children = (
				8D91A8212AA2A697005EED2A /* Info.plist */,
				8D91A8282AA2A78C005EED2A /* Main */,
				8D91A8382AA43173005EED2A /* Soothe */,
				8D91A8312AA2AD10005EED2A /* Triggers */,
				8D91A8272AA2A738005EED2A /* Resources */,
			);
			path = Undisturbed;
			sourceTree = "<group>";
		};
		8D91A8272AA2A738005EED2A /* Resources */ = {
			isa = PBXGroup;
			children = (
				8D91A81C2AA2A697005EED2A /* Assets.xcassets */,
				8D91A8132AA2A695005EED2A /* AppDelegate.swift */,
				8D91A8152AA2A695005EED2A /* SceneDelegate.swift */,
				8D91A8362AA2C904005EED2A /* Extensions.swift */,
			);
			path = Resources;
			sourceTree = "<group>";
		};
		8D91A8282AA2A78C005EED2A /* Main */ = {
			isa = PBXGroup;
			children = (
				8D91A81E2AA2A697005EED2A /* LaunchScreen.storyboard */,
				8D91A82F2AA2AA1B005EED2A /* ProfileViewController.swift */,
				8D91A82B2AA2A93F005EED2A /* TabBarViewController.swift */,
			);
			path = Main;
			sourceTree = "<group>";
		};
		8D91A8312AA2AD10005EED2A /* Triggers */ = {
			isa = PBXGroup;
			children = (
				8D91A82D2AA2A9FC005EED2A /* TriggersViewController.swift */,
				8D91A8322AA2AD2A005EED2A /* TriggerModel.swift */,
				8D91A8342AA2ADE3005EED2A /* TriggerCollectionViewCell.swift */,
			);
			path = Triggers;
			sourceTree = "<group>";
		};
		8D91A8382AA43173005EED2A /* Soothe */ = {
			isa = PBXGroup;
			children = (
				8D89A0482AA435D900F9674F /* ARViewController.swift */,
				8D89A0492AA435D900F9674F /* ARViewController.xib */,
				8D91A8292AA2A937005EED2A /* SootheViewController.swift */,
				8D91A83B2AA431C6005EED2A /* SceneOption.swift */,
			);
			path = Soothe;
			sourceTree = "<group>";
		};
/* End PBXGroup section */

/* Begin PBXNativeTarget section */
		8D91A80F2AA2A695005EED2A /* Undisturbed */ = {
			isa = PBXNativeTarget;
			buildConfigurationList = 8D91A8242AA2A697005EED2A /* Build configuration list for PBXNativeTarget "Undisturbed" */;
			buildPhases = (
				8D91A80C2AA2A695005EED2A /* Sources */,
				8D91A80D2AA2A695005EED2A /* Frameworks */,
				8D91A80E2AA2A695005EED2A /* Resources */,
			);
			buildRules = (
			);
			dependencies = (
			);
			name = Undisturbed;
			productName = Undisturbed;
			productReference = 8D91A8102AA2A695005EED2A /* Undisturbed.app */;
			productType = "com.apple.product-type.application";
		};
/* End PBXNativeTarget section */

/* Begin PBXProject section */
		8D91A8082AA2A695005EED2A /* Project object */ = {
			isa = PBXProject;
			attributes = {
				BuildIndependentTargetsInParallel = 1;
				LastSwiftUpdateCheck = 1430;
				LastUpgradeCheck = 1430;
				TargetAttributes = {
					8D91A80F2AA2A695005EED2A = {
						CreatedOnToolsVersion = 14.3;
					};
				};
			};
			buildConfigurationList = 8D91A80B2AA2A695005EED2A /* Build configuration list for PBXProject "Undisturbed" */;
			compatibilityVersion = "Xcode 14.0";
			developmentRegion = en;
			hasScannedForEncodings = 0;
			knownRegions = (
				en,
				Base,
			);
			mainGroup = 8D91A8072AA2A695005EED2A;
			productRefGroup = 8D91A8112AA2A695005EED2A /* Products */;
			projectDirPath = "";
			projectRoot = "";
			targets = (
				8D91A80F2AA2A695005EED2A /* Undisturbed */,
			);
		};
/* End PBXProject section */

/* Begin PBXResourcesBuildPhase section */
		8D91A80E2AA2A695005EED2A /* Resources */ = {
			isa = PBXResourcesBuildPhase;
			buildActionMask = 2147483647;
			files = (
				8D91A8202AA2A697005EED2A /* LaunchScreen.storyboard in Resources */,
				8D89A04B2AA435D900F9674F /* ARViewController.xib in Resources */,
				8D91A81D2AA2A697005EED2A /* Assets.xcassets in Resources */,
			);
			runOnlyForDeploymentPostprocessing = 0;
		};
/* End PBXResourcesBuildPhase section */

/* Begin PBXSourcesBuildPhase section */
		8D91A80C2AA2A695005EED2A /* Sources */ = {
			isa = PBXSourcesBuildPhase;
			buildActionMask = 2147483647;
			files = (
				8D91A8302AA2AA1B005EED2A /* ProfileViewController.swift in Sources */,
				8D91A8372AA2C904005EED2A /* Extensions.swift in Sources */,
				8D91A82C2AA2A93F005EED2A /* TabBarViewController.swift in Sources */,
				8D91A82A2AA2A937005EED2A /* SootheViewController.swift in Sources */,
				8D91A83C2AA431C6005EED2A /* SceneOption.swift in Sources */,
				8D91A8142AA2A695005EED2A /* AppDelegate.swift in Sources */,
				8D91A82E2AA2A9FC005EED2A /* TriggersViewController.swift in Sources */,
				8D91A8352AA2ADE3005EED2A /* TriggerCollectionViewCell.swift in Sources */,
				8D91A8162AA2A695005EED2A /* SceneDelegate.swift in Sources */,
				8D91A8332AA2AD2A005EED2A /* TriggerModel.swift in Sources */,
				8D89A04A2AA435D900F9674F /* ARViewController.swift in Sources */,
			);
			runOnlyForDeploymentPostprocessing = 0;
		};
/* End PBXSourcesBuildPhase section */

/* Begin PBXVariantGroup section */
		8D91A81E2AA2A697005EED2A /* LaunchScreen.storyboard */ = {
			isa = PBXVariantGroup;
			children = (
				8D91A81F2AA2A697005EED2A /* Base */,
			);
			name = LaunchScreen.storyboard;
			sourceTree = "<group>";
		};
/* End PBXVariantGroup section */

/* Begin XCBuildConfiguration section */
		8D91A8222AA2A697005EED2A /* Debug */ = {
			isa = XCBuildConfiguration;
			buildSettings = {
				ALWAYS_SEARCH_USER_PATHS = NO;
				CLANG_ANALYZER_NONNULL = YES;
				CLANG_ANALYZER_NUMBER_OBJECT_CONVERSION = YES_AGGRESSIVE;
				CLANG_CXX_LANGUAGE_STANDARD = "gnu++20";
				CLANG_ENABLE_MODULES = YES;
				CLANG_ENABLE_OBJC_ARC = YES;
				CLANG_ENABLE_OBJC_WEAK = YES;
				CLANG_WARN_BLOCK_CAPTURE_AUTORELEASING = YES;
				CLANG_WARN_BOOL_CONVERSION = YES;
				CLANG_WARN_COMMA = YES;
				CLANG_WARN_CONSTANT_CONVERSION = YES;
				CLANG_WARN_DEPRECATED_OBJC_IMPLEMENTATIONS = YES;
				CLANG_WARN_DIRECT_OBJC_ISA_USAGE = YES_ERROR;
				CLANG_WARN_DOCUMENTATION_COMMENTS = YES;
				CLANG_WARN_EMPTY_BODY = YES;
				CLANG_WARN_ENUM_CONVERSION = YES;
				CLANG_WARN_INFINITE_RECURSION = YES;
				CLANG_WARN_INT_CONVERSION = YES;
				CLANG_WARN_NON_LITERAL_NULL_CONVERSION = YES;
				CLANG_WARN_OBJC_IMPLICIT_RETAIN_SELF = YES;
				CLANG_WARN_OBJC_LITERAL_CONVERSION = YES;
				CLANG_WARN_OBJC_ROOT_CLASS = YES_ERROR;
				CLANG_WARN_QUOTED_INCLUDE_IN_FRAMEWORK_HEADER = YES;
				CLANG_WARN_RANGE_LOOP_ANALYSIS = YES;
				CLANG_WARN_STRICT_PROTOTYPES = YES;
				CLANG_WARN_SUSPICIOUS_MOVE = YES;
				CLANG_WARN_UNGUARDED_AVAILABILITY = YES_AGGRESSIVE;
				CLANG_WARN_UNREACHABLE_CODE = YES;
				CLANG_WARN__DUPLICATE_METHOD_MATCH = YES;
				COPY_PHASE_STRIP = NO;
				DEBUG_INFORMATION_FORMAT = dwarf;
				ENABLE_STRICT_OBJC_MSGSEND = YES;
				ENABLE_TESTABILITY = YES;
				GCC_C_LANGUAGE_STANDARD = gnu11;
				GCC_DYNAMIC_NO_PIC = NO;
				GCC_NO_COMMON_BLOCKS = YES;
				GCC_OPTIMIZATION_LEVEL = 0;
				GCC_PREPROCESSOR_DEFINITIONS = (
					"DEBUG=1",
					"$(inherited)",
				);
				GCC_WARN_64_TO_32_BIT_CONVERSION = YES;
				GCC_WARN_ABOUT_RETURN_TYPE = YES_ERROR;
				GCC_WARN_UNDECLARED_SELECTOR = YES;
				GCC_WARN_UNINITIALIZED_AUTOS = YES_AGGRESSIVE;
				GCC_WARN_UNUSED_FUNCTION = YES;
				GCC_WARN_UNUSED_VARIABLE = YES;
				IPHONEOS_DEPLOYMENT_TARGET = 16.1;
				MTL_ENABLE_DEBUG_INFO = INCLUDE_SOURCE;
				MTL_FAST_MATH = YES;
				ONLY_ACTIVE_ARCH = YES;
				SDKROOT = iphoneos;
				SWIFT_ACTIVE_COMPILATION_CONDITIONS = DEBUG;
				SWIFT_OPTIMIZATION_LEVEL = "-Onone";
			};
			name = Debug;
		};
		8D91A8232AA2A697005EED2A /* Release */ = {
			isa = XCBuildConfiguration;
			buildSettings = {
				ALWAYS_SEARCH_USER_PATHS = NO;
				CLANG_ANALYZER_NONNULL = YES;
				CLANG_ANALYZER_NUMBER_OBJECT_CONVERSION = YES_AGGRESSIVE;
				CLANG_CXX_LANGUAGE_STANDARD = "gnu++20";
				CLANG_ENABLE_MODULES = YES;
				CLANG_ENABLE_OBJC_ARC = YES;
				CLANG_ENABLE_OBJC_WEAK = YES;
				CLANG_WARN_BLOCK_CAPTURE_AUTORELEASING = YES;
				CLANG_WARN_BOOL_CONVERSION = YES;
				CLANG_WARN_COMMA = YES;
				CLANG_WARN_CONSTANT_CONVERSION = YES;
				CLANG_WARN_DEPRECATED_OBJC_IMPLEMENTATIONS = YES;
				CLANG_WARN_DIRECT_OBJC_ISA_USAGE = YES_ERROR;
				CLANG_WARN_DOCUMENTATION_COMMENTS = YES;
				CLANG_WARN_EMPTY_BODY = YES;
				CLANG_WARN_ENUM_CONVERSION = YES;
				CLANG_WARN_INFINITE_RECURSION = YES;
				CLANG_WARN_INT_CONVERSION = YES;
				CLANG_WARN_NON_LITERAL_NULL_CONVERSION = YES;
				CLANG_WARN_OBJC_IMPLICIT_RETAIN_SELF = YES;
				CLANG_WARN_OBJC_LITERAL_CONVERSION = YES;
				CLANG_WARN_OBJC_ROOT_CLASS = YES_ERROR;
				CLANG_WARN_QUOTED_INCLUDE_IN_FRAMEWORK_HEADER = YES;
				CLANG_WARN_RANGE_LOOP_ANALYSIS = YES;
				CLANG_WARN_STRICT_PROTOTYPES = YES;
				CLANG_WARN_SUSPICIOUS_MOVE = YES;
				CLANG_WARN_UNGUARDED_AVAILABILITY = YES_AGGRESSIVE;
				CLANG_WARN_UNREACHABLE_CODE = YES;
				CLANG_WARN__DUPLICATE_METHOD_MATCH = YES;
				COPY_PHASE_STRIP = NO;
				DEBUG_INFORMATION_FORMAT = "dwarf-with-dsym";
				ENABLE_NS_ASSERTIONS = NO;
				ENABLE_STRICT_OBJC_MSGSEND = YES;
				GCC_C_LANGUAGE_STANDARD = gnu11;
				GCC_NO_COMMON_BLOCKS = YES;
				GCC_WARN_64_TO_32_BIT_CONVERSION = YES;
				GCC_WARN_ABOUT_RETURN_TYPE = YES_ERROR;
				GCC_WARN_UNDECLARED_SELECTOR = YES;
				GCC_WARN_UNINITIALIZED_AUTOS = YES_AGGRESSIVE;
				GCC_WARN_UNUSED_FUNCTION = YES;
				GCC_WARN_UNUSED_VARIABLE = YES;
				IPHONEOS_DEPLOYMENT_TARGET = 16.1;
				MTL_ENABLE_DEBUG_INFO = NO;
				MTL_FAST_MATH = YES;
				SDKROOT = iphoneos;
				SWIFT_COMPILATION_MODE = wholemodule;
				SWIFT_OPTIMIZATION_LEVEL = "-O";
				VALIDATE_PRODUCT = YES;
			};
			name = Release;
		};
		8D91A8252AA2A697005EED2A /* Debug */ = {
			isa = XCBuildConfiguration;
			buildSettings = {
				ASSETCATALOG_COMPILER_APPICON_NAME = AppIcon;
				ASSETCATALOG_COMPILER_GLOBAL_ACCENT_COLOR_NAME = AccentColor;
				CODE_SIGN_STYLE = Automatic;
				CURRENT_PROJECT_VERSION = 1;
				DEVELOPMENT_TEAM = LTG4D24862;
				GENERATE_INFOPLIST_FILE = YES;
				INFOPLIST_FILE = Undisturbed/Info.plist;
				INFOPLIST_KEY_UIApplicationSupportsIndirectInputEvents = YES;
				INFOPLIST_KEY_UILaunchStoryboardName = LaunchScreen;
				INFOPLIST_KEY_UISupportedInterfaceOrientations_iPad = "UIInterfaceOrientationPortrait UIInterfaceOrientationPortraitUpsideDown UIInterfaceOrientationLandscapeLeft UIInterfaceOrientationLandscapeRight";
				INFOPLIST_KEY_UISupportedInterfaceOrientations_iPhone = "UIInterfaceOrientationPortrait UIInterfaceOrientationLandscapeLeft UIInterfaceOrientationLandscapeRight";
				IPHONEOS_DEPLOYMENT_TARGET = 16.1;
				LD_RUNPATH_SEARCH_PATHS = (
					"$(inherited)",
					"@executable_path/Frameworks",
				);
				MARKETING_VERSION = 1.0;
				PRODUCT_BUNDLE_IDENTIFIER = monicaqiu.Undisturbed;
				PRODUCT_NAME = "$(TARGET_NAME)";
				SWIFT_EMIT_LOC_STRINGS = YES;
				SWIFT_VERSION = 5.0;
				TARGETED_DEVICE_FAMILY = "1,2";
			};
			name = Debug;
		};
		8D91A8262AA2A697005EED2A /* Release */ = {
			isa = XCBuildConfiguration;
			buildSettings = {
				ASSETCATALOG_COMPILER_APPICON_NAME = AppIcon;
				ASSETCATALOG_COMPILER_GLOBAL_ACCENT_COLOR_NAME = AccentColor;
				CODE_SIGN_STYLE = Automatic;
				CURRENT_PROJECT_VERSION = 1;
				DEVELOPMENT_TEAM = LTG4D24862;
				GENERATE_INFOPLIST_FILE = YES;
				INFOPLIST_FILE = Undisturbed/Info.plist;
				INFOPLIST_KEY_UIApplicationSupportsIndirectInputEvents = YES;
				INFOPLIST_KEY_UILaunchStoryboardName = LaunchScreen;
				INFOPLIST_KEY_UISupportedInterfaceOrientations_iPad = "UIInterfaceOrientationPortrait UIInterfaceOrientationPortraitUpsideDown UIInterfaceOrientationLandscapeLeft UIInterfaceOrientationLandscapeRight";
				INFOPLIST_KEY_UISupportedInterfaceOrientations_iPhone = "UIInterfaceOrientationPortrait UIInterfaceOrientationLandscapeLeft UIInterfaceOrientationLandscapeRight";
				IPHONEOS_DEPLOYMENT_TARGET = 16.1;
				LD_RUNPATH_SEARCH_PATHS = (
					"$(inherited)",
					"@executable_path/Frameworks",
				);
				MARKETING_VERSION = 1.0;
				PRODUCT_BUNDLE_IDENTIFIER = monicaqiu.Undisturbed;
				PRODUCT_NAME = "$(TARGET_NAME)";
				SWIFT_EMIT_LOC_STRINGS = YES;
				SWIFT_VERSION = 5.0;
				TARGETED_DEVICE_FAMILY = "1,2";
			};
			name = Release;
		};
/* End XCBuildConfiguration section */

/* Begin XCConfigurationList section */
		8D91A80B2AA2A695005EED2A /* Build configuration list for PBXProject "Undisturbed" */ = {
			isa = XCConfigurationList;
			buildConfigurations = (
				8D91A8222AA2A697005EED2A /* Debug */,
				8D91A8232AA2A697005EED2A /* Release */,
			);
			defaultConfigurationIsVisible = 0;
			defaultConfigurationName = Release;
		};
		8D91A8242AA2A697005EED2A /* Build configuration list for PBXNativeTarget "Undisturbed" */ = {
			isa = XCConfigurationList;
			buildConfigurations = (
				8D91A8252AA2A697005EED2A /* Debug */,
				8D91A8262AA2A697005EED2A /* Release */,
			);
			defaultConfigurationIsVisible = 0;
			defaultConfigurationName = Release;
		};
/* End XCConfigurationList section */
	};
	rootObject = 8D91A8082AA2A695005EED2A /* Project object */;
}
